{
  "nodes": {
    "dokken-aws-helper": {
      "inputs": {
        "nixpkgs": [
          "nix-work-env",
          "nixpkgs"
        ]
      },
      "locked": {
        "lastModified": 1773830361,
        "narHash": "sha256-lK7tt1Lc29V7yyhqZLwL+dolZA0TRlrmCSqXHzsCPrw=",
        "ref": "refs/heads/main",
        "rev": "24dab85f09d201bb3db4a462c9ab109f13bf19b6",
        "revCount": 15,
        "type": "git",
        "url": "ssh://git@github.com/tv2norge/dokken-aws-helper"
      },
      "original": {
        "type": "git",
        "url": "ssh://git@github.com/tv2norge/dokken-aws-helper"
      }
    },
    "home-manager": {
      "inputs": {
        "nixpkgs": [
          "nixpkgs"
        ]
      },
      "locked": {
        "lastModified": 1781064232,
        "narHash": "sha256-+7cIaqM6ucKf5fDyMnkwehxG8tBdaU51TZOMtxacXmI=",
        "owner": "nix-community",
        "repo": "home-manager",
        "rev": "1ffdc28076a1809ee7c0cf08f06af18f31c480cd",
        "type": "github"
      },
      "original": {
        "owner": "nix-community",
        "repo": "home-manager",
        "type": "github"
      }
    },
    "nix-darwin": {
      "inputs": {
        "nixpkgs": [
          "nixpkgs"
        ]
      },
      "locked": {
        "lastModified": 1780795403,
        "narHash": "sha256-AkWx4Zt9pQbD/f82Z8N57+d0HGLN/rV3gdMKJTpBPKs=",
        "owner": "LnL7",
        "repo": "nix-darwin",
        "rev": "6a771120d607dcccb279a27d227650e324815c35",
        "type": "github"
      },
      "original": {
        "owner": "LnL7",
        "repo": "nix-darwin",
        "type": "github"
      }
    },
    "nix-work-env": {
      "inputs": {
        "dokken-aws-helper": "dokken-aws-helper",
        "nixpkgs": [
          "nixpkgs"
        ]
      },
      "locked": {
        "lastModified": 1781806887,
        "narHash": "sha256-seqeNNzjpS1jemtzVJ35Qe8QEvxN7egqOz753sOGs2U=",
        "ref": "refs/heads/main",
        "rev": "d98b946645dfe084cabf544b3d827fbf3654c2b9",
        "revCount": 2,
        "type": "git",
        "url": "ssh://git@github.com/tv2norge/nix-dokken-dev"
      },
      "original": {
        "type": "git",
        "url": "ssh://git@github.com/tv2norge/nix-dokken-dev"
      }
    },
    "nixpkgs": {
      "locked": {
        "lastModified": 1780930886,
        "narHash": "sha256-rppURzHviaQN131F+nLiLdGfcb0uCd9gGP0E5+iw9MI=",
        "owner": "NixOS",
        "repo": "nixpkgs",
        "rev": "8c3cede7ddc26bd659d2d383b5610efbd2c7a16e",
        "type": "github"
      },
      "original": {
        "owner": "NixOS",
        "ref": "nixpkgs-unstable",
        "repo": "nixpkgs",
        "type": "github"
      }
    },
    "root": {
      "inputs": {
        "home-manager": "home-manager",
        "nix-darwin": "nix-darwin",
        "nix-work-env": "nix-work-env",
        "nixpkgs": "nixpkgs"
      }
    }
  },
  "root": "root",
  "version": 7
}
